// !$*UTF8*$!
{
	archiveVersion = 1;
	classes = {
	};
	objectVersion = 55;
	objects = {

/* Begin PBXBuildFile section */
		4B01BECB2B0954D500A46A4C /* ProgressHUD in Frameworks */ = {isa = PBXBuildFile; productRef = 4B01BECA2B0954D500A46A4C /* ProgressHUD */; };
		4B01BECF2B0959E800A46A4C /* UIBlockingProgressHUD.swift in Sources */ = {isa = PBXBuildFile; fileRef = 4B01BECE2B0959E800A46A4C /* UIBlockingProgressHUD.swift */; };
		4B01BED32B0A70D100A46A4C /* ProfileService.swift in Sources */ = {isa = PBXBuildFile; fileRef = 4B01BED22B0A70D100A46A4C /* ProfileService.swift */; };
		4B01BED52B0A736D00A46A4C /* URLSession.swift in Sources */ = {isa = PBXBuildFile; fileRef = 4B01BED42B0A736D00A46A4C /* URLSession.swift */; };
		4B01BED72B0A77A800A46A4C /* TabBarController.swift in Sources */ = {isa = PBXBuildFile; fileRef = 4B01BED62B0A77A800A46A4C /* TabBarController.swift */; };
		4B01BED92B0A78B500A46A4C /* ProfileImageService.swift in Sources */ = {isa = PBXBuildFile; fileRef = 4B01BED82B0A78B500A46A4C /* ProfileImageService.swift */; };
		4B01BEDE2B0AD12700A46A4C /* Kingfisher in Frameworks */ = {isa = PBXBuildFile; productRef = 4B01BEDD2B0AD12700A46A4C /* Kingfisher */; };
		4B01BEE12B0ADD0D00A46A4C /* SwiftKeychainWrapper in Frameworks */ = {isa = PBXBuildFile; productRef = 4B01BEE02B0ADD0D00A46A4C /* SwiftKeychainWrapper */; };
		4B0A30972A29408A009693CA /* AppDelegate.swift in Sources */ = {isa = PBXBuildFile; fileRef = 4B0A30962A29408A009693CA /* AppDelegate.swift */; };
		4B0A30992A29408A009693CA /* SceneDelegate.swift in Sources */ = {isa = PBXBuildFile; fileRef = 4B0A30982A29408A009693CA /* SceneDelegate.swift */; };
		4B0A309E2A29408A009693CA /* Main.storyboard in Resources */ = {isa = PBXBuildFile; fileRef = 4B0A309C2A29408A009693CA /* Main.storyboard */; };
		4B0A30A32A29408B009693CA /* Assets.xcassets in Resources */ = {isa = PBXBuildFile; fileRef = 4B0A30A22A29408B009693CA /* Assets.xcassets */; };
		4B0A30A62A29408B009693CA /* LaunchScreen.storyboard in Resources */ = {isa = PBXBuildFile; fileRef = 4B0A30A42A29408B009693CA /* LaunchScreen.storyboard */; };
		4B0A59952AFC617F0054C175 /* ImagesListViewController.swift in Sources */ = {isa = PBXBuildFile; fileRef = 4B0A59942AFC617F0054C175 /* ImagesListViewController.swift */; };
		4B4CB9AE2B0F908200548D03 /* ImagesListService.swift in Sources */ = {isa = PBXBuildFile; fileRef = 4B4CB9AD2B0F908200548D03 /* ImagesListService.swift */; };
		4B79045D2B03F554008FE1CD /* Constants.swift in Sources */ = {isa = PBXBuildFile; fileRef = 4B79045C2B03F554008FE1CD /* Constants.swift */; };
		4B79045F2B042DC8008FE1CD /* AuthViewController.swift in Sources */ = {isa = PBXBuildFile; fileRef = 4B79045E2B042DC8008FE1CD /* AuthViewController.swift */; };
		4B7904622B043435008FE1CD /* WebViewViewController.swift in Sources */ = {isa = PBXBuildFile; fileRef = 4B7904612B043435008FE1CD /* WebViewViewController.swift */; };
		4B7904642B0571A5008FE1CD /* OAuth2Service.swift in Sources */ = {isa = PBXBuildFile; fileRef = 4B7904632B0571A5008FE1CD /* OAuth2Service.swift */; };
		4B7904662B059D7B008FE1CD /* SplashViewController.swift in Sources */ = {isa = PBXBuildFile; fileRef = 4B7904652B059D7B008FE1CD /* SplashViewController.swift */; };
		4B7904692B059E18008FE1CD /* OAuth2TokenStorage.swift in Sources */ = {isa = PBXBuildFile; fileRef = 4B7904682B059E18008FE1CD /* OAuth2TokenStorage.swift */; };
		4B7904782B065311008FE1CD /* NetworkClient.swift in Sources */ = {isa = PBXBuildFile; fileRef = 4B7904772B065311008FE1CD /* NetworkClient.swift */; };
		4B9E180D2AFC06ED0023F657 /* ImagesListCell.swift in Sources */ = {isa = PBXBuildFile; fileRef = 4B9E180C2AFC06ED0023F657 /* ImagesListCell.swift */; };
		4BF93E892AFE95BB00EF3749 /* ProfileViewController.swift in Sources */ = {isa = PBXBuildFile; fileRef = 4BF93E882AFE95BB00EF3749 /* ProfileViewController.swift */; };
		4BF93E8B2AFEECE400EF3749 /* SingleImageViewController.swift in Sources */ = {isa = PBXBuildFile; fileRef = 4BF93E8A2AFEECE400EF3749 /* SingleImageViewController.swift */; };
		4BF93E8E2B02ECEC00EF3749 /* UIColor+Extensions.swift in Sources */ = {isa = PBXBuildFile; fileRef = 4BF93E8D2B02ECEC00EF3749 /* UIColor+Extensions.swift */; };
/* End PBXBuildFile section */

/* Begin PBXContainerItemProxy section */
		4B4CB9B72B0F9D5400548D03 /* PBXContainerItemProxy */ = {
			isa = PBXContainerItemProxy;
			containerPortal = 4B0A308B2A29408A009693CA /* Project object */;
			proxyType = 1;
			remoteGlobalIDString = 4B0A30922A29408A009693CA;
			remoteInfo = ImageFeed;
		};
/* End PBXContainerItemProxy section */

/* Begin PBXFileReference section */
		4B01BECE2B0959E800A46A4C /* UIBlockingProgressHUD.swift */ = {isa = PBXFileReference; lastKnownFileType = sourcecode.swift; path = UIBlockingProgressHUD.swift; sourceTree = "<group>"; };
		4B01BED22B0A70D100A46A4C /* ProfileService.swift */ = {isa = PBXFileReference; lastKnownFileType = sourcecode.swift; path = ProfileService.swift; sourceTree = "<group>"; };
		4B01BED42B0A736D00A46A4C /* URLSession.swift */ = {isa = PBXFileReference; lastKnownFileType = sourcecode.swift; path = URLSession.swift; sourceTree = "<group>"; };
		4B01BED62B0A77A800A46A4C /* TabBarController.swift */ = {isa = PBXFileReference; lastKnownFileType = sourcecode.swift; path = TabBarController.swift; sourceTree = "<group>"; };
		4B01BED82B0A78B500A46A4C /* ProfileImageService.swift */ = {isa = PBXFileReference; lastKnownFileType = sourcecode.swift; path = ProfileImageService.swift; sourceTree = "<group>"; };
		4B0A30932A29408A009693CA /* ImageFeed.app */ = {isa = PBXFileReference; explicitFileType = wrapper.application; includeInIndex = 0; path = ImageFeed.app; sourceTree = BUILT_PRODUCTS_DIR; };
		4B0A30962A29408A009693CA /* AppDelegate.swift */ = {isa = PBXFileReference; lastKnownFileType = sourcecode.swift; path = AppDelegate.swift; sourceTree = "<group>"; };
		4B0A30982A29408A009693CA /* SceneDelegate.swift */ = {isa = PBXFileReference; lastKnownFileType = sourcecode.swift; path = SceneDelegate.swift; sourceTree = "<group>"; };
		4B0A309D2A29408A009693CA /* Base */ = {isa = PBXFileReference; lastKnownFileType = file.storyboard; name = Base; path = Base.lproj/Main.storyboard; sourceTree = "<group>"; };
		4B0A30A22A29408B009693CA /* Assets.xcassets */ = {isa = PBXFileReference; lastKnownFileType = folder.assetcatalog; path = Assets.xcassets; sourceTree = "<group>"; };
		4B0A30A52A29408B009693CA /* Base */ = {isa = PBXFileReference; lastKnownFileType = file.storyboard; name = Base; path = Base.lproj/LaunchScreen.storyboard; sourceTree = "<group>"; };
		4B0A30A72A29408B009693CA /* Info.plist */ = {isa = PBXFileReference; lastKnownFileType = text.plist.xml; path = Info.plist; sourceTree = "<group>"; };
		4B0A59942AFC617F0054C175 /* ImagesListViewController.swift */ = {isa = PBXFileReference; fileEncoding = 4; lastKnownFileType = sourcecode.swift; path = ImagesListViewController.swift; sourceTree = "<group>"; };
		4B4CB9AD2B0F908200548D03 /* ImagesListService.swift */ = {isa = PBXFileReference; lastKnownFileType = sourcecode.swift; path = ImagesListService.swift; sourceTree = "<group>"; };
		4B4CB9B32B0F9D5400548D03 /* ImageFeedTests.xctest */ = {isa = PBXFileReference; explicitFileType = wrapper.cfbundle; includeInIndex = 0; path = ImageFeedTests.xctest; sourceTree = BUILT_PRODUCTS_DIR; };
		4B79045C2B03F554008FE1CD /* Constants.swift */ = {isa = PBXFileReference; lastKnownFileType = sourcecode.swift; path = Constants.swift; sourceTree = "<group>"; };
		4B79045E2B042DC8008FE1CD /* AuthViewController.swift */ = {isa = PBXFileReference; lastKnownFileType = sourcecode.swift; path = AuthViewController.swift; sourceTree = "<group>"; };
		4B7904612B043435008FE1CD /* WebViewViewController.swift */ = {isa = PBXFileReference; lastKnownFileType = sourcecode.swift; path = WebViewViewController.swift; sourceTree = "<group>"; };
		4B7904632B0571A5008FE1CD /* OAuth2Service.swift */ = {isa = PBXFileReference; lastKnownFileType = sourcecode.swift; path = OAuth2Service.swift; sourceTree = "<group>"; };
		4B7904652B059D7B008FE1CD /* SplashViewController.swift */ = {isa = PBXFileReference; lastKnownFileType = sourcecode.swift; path = SplashViewController.swift; sourceTree = "<group>"; };
		4B7904682B059E18008FE1CD /* OAuth2TokenStorage.swift */ = {isa = PBXFileReference; lastKnownFileType = sourcecode.swift; path = OAuth2TokenStorage.swift; sourceTree = "<group>"; };
		4B7904772B065311008FE1CD /* NetworkClient.swift */ = {isa = PBXFileReference; lastKnownFileType = sourcecode.swift; path = NetworkClient.swift; sourceTree = "<group>"; };
		4B9E180C2AFC06ED0023F657 /* ImagesListCell.swift */ = {isa = PBXFileReference; lastKnownFileType = sourcecode.swift; path = ImagesListCell.swift; sourceTree = "<group>"; };
		4BF93E882AFE95BB00EF3749 /* ProfileViewController.swift */ = {isa = PBXFileReference; lastKnownFileType = sourcecode.swift; path = ProfileViewController.swift; sourceTree = "<group>"; };
		4BF93E8A2AFEECE400EF3749 /* SingleImageViewController.swift */ = {isa = PBXFileReference; lastKnownFileType = sourcecode.swift; path = SingleImageViewController.swift; sourceTree = "<group>"; };
		4BF93E8D2B02ECEC00EF3749 /* UIColor+Extensions.swift */ = {isa = PBXFileReference; lastKnownFileType = sourcecode.swift; path = "UIColor+Extensions.swift"; sourceTree = "<group>"; };
/* End PBXFileReference section */

/* Begin PBXFrameworksBuildPhase section */
		4B0A30902A29408A009693CA /* Frameworks */ = {
			isa = PBXFrameworksBuildPhase;
			buildActionMask = 2147483647;
			files = (
				4B01BEDE2B0AD12700A46A4C /* Kingfisher in Frameworks */,
				4B01BECB2B0954D500A46A4C /* ProgressHUD in Frameworks */,
				4B01BEE12B0ADD0D00A46A4C /* SwiftKeychainWrapper in Frameworks */,
			);
			runOnlyForDeploymentPostprocessing = 0;
		};
		4B4CB9B02B0F9D5400548D03 /* Frameworks */ = {
			isa = PBXFrameworksBuildPhase;
			buildActionMask = 2147483647;
			files = (
			);
			runOnlyForDeploymentPostprocessing = 0;
		};
/* End PBXFrameworksBuildPhase section */

/* Begin PBXGroup section */
		4B0A308A2A29408A009693CA = {
			isa = PBXGroup;
			children = (
				4B0A30952A29408A009693CA /* ImageFeed */,
				4B0A30942A29408A009693CA /* Products */,
			);
			sourceTree = "<group>";
		};
		4B0A30942A29408A009693CA /* Products */ = {
			isa = PBXGroup;
			children = (
				4B0A30932A29408A009693CA /* ImageFeed.app */,
				4B4CB9B32B0F9D5400548D03 /* ImageFeedTests.xctest */,
			);
			name = Products;
			sourceTree = "<group>";
		};
		4B0A30952A29408A009693CA /* ImageFeed */ = {
			isa = PBXGroup;
			children = (
				4B79045C2B03F554008FE1CD /* Constants.swift */,
				4B01BED42B0A736D00A46A4C /* URLSession.swift */,
				4B01BED62B0A77A800A46A4C /* TabBarController.swift */,
				4B0A59972AFCBAC50054C175 /* ImagesList */,
				4B7904602B04323A008FE1CD /* Auth */,
				4B79046A2B059E9A008FE1CD /* OAuth2 */,
				4B7904672B059D7F008FE1CD /* SplashViewController */,
				4BF93E872AFE957000EF3749 /* Profile */,
				4BF93E8C2AFEF36C00EF3749 /* SingleImage */,
				4B7904792B06535D008FE1CD /* Services */,
				4B0A30962A29408A009693CA /* AppDelegate.swift */,
				4B0A30982A29408A009693CA /* SceneDelegate.swift */,
				4B0A309C2A29408A009693CA /* Main.storyboard */,
				4B0A30A22A29408B009693CA /* Assets.xcassets */,
				4B0A30A42A29408B009693CA /* LaunchScreen.storyboard */,
				4B0A30A72A29408B009693CA /* Info.plist */,
				4BF93E8F2B02ECFB00EF3749 /* Helper */,
			);
			path = ImageFeed;
			sourceTree = "<group>";
		};
		4B0A59972AFCBAC50054C175 /* ImagesList */ = {
			isa = PBXGroup;
			children = (
				4B0A59942AFC617F0054C175 /* ImagesListViewController.swift */,
				4B9E180C2AFC06ED0023F657 /* ImagesListCell.swift */,
				4B4CB9AD2B0F908200548D03 /* ImagesListService.swift */,
			);
			path = ImagesList;
			sourceTree = "<group>";
		};
		4B7904602B04323A008FE1CD /* Auth */ = {
			isa = PBXGroup;
			children = (
				4B79045E2B042DC8008FE1CD /* AuthViewController.swift */,
				4B01BECE2B0959E800A46A4C /* UIBlockingProgressHUD.swift */,
				4B7904612B043435008FE1CD /* WebViewViewController.swift */,
			);
			path = Auth;
			sourceTree = "<group>";
		};
		4B7904672B059D7F008FE1CD /* SplashViewController */ = {
			isa = PBXGroup;
			children = (
				4B7904652B059D7B008FE1CD /* SplashViewController.swift */,
			);
			path = SplashViewController;
			sourceTree = "<group>";
		};
		4B79046A2B059E9A008FE1CD /* OAuth2 */ = {
			isa = PBXGroup;
			children = (
				4B7904632B0571A5008FE1CD /* OAuth2Service.swift */,
				4B7904682B059E18008FE1CD /* OAuth2TokenStorage.swift */,
			);
			path = OAuth2;
			sourceTree = "<group>";
		};
		4B7904792B06535D008FE1CD /* Services */ = {
			isa = PBXGroup;
			children = (
				4B7904772B065311008FE1CD /* NetworkClient.swift */,
			);
			name = Services;
			path = SplashViewController/Services;
			sourceTree = "<group>";
		};
		4BF93E872AFE957000EF3749 /* Profile */ = {
			isa = PBXGroup;
			children = (
				4B01BED22B0A70D100A46A4C /* ProfileService.swift */,
				4BF93E882AFE95BB00EF3749 /* ProfileViewController.swift */,
				4B01BED82B0A78B500A46A4C /* ProfileImageService.swift */,
			);
			path = Profile;
			sourceTree = "<group>";
		};
		4BF93E8C2AFEF36C00EF3749 /* SingleImage */ = {
			isa = PBXGroup;
			children = (
				4BF93E8A2AFEECE400EF3749 /* SingleImageViewController.swift */,
			);
			path = SingleImage;
			sourceTree = "<group>";
		};
		4BF93E8F2B02ECFB00EF3749 /* Helper */ = {
			isa = PBXGroup;
			children = (
				4BF93E8D2B02ECEC00EF3749 /* UIColor+Extensions.swift */,
			);
			path = Helper;
			sourceTree = "<group>";
		};
/* End PBXGroup section */

/* Begin PBXNativeTarget section */
		4B0A30922A29408A009693CA /* ImageFeed */ = {
			isa = PBXNativeTarget;
			buildConfigurationList = 4B0A30C02A29408B009693CA /* Build configuration list for PBXNativeTarget "ImageFeed" */;
			buildPhases = (
				4B0A308F2A29408A009693CA /* Sources */,
				4B0A30902A29408A009693CA /* Frameworks */,
				4B0A30912A29408A009693CA /* Resources */,
			);
			buildRules = (
			);
			dependencies = (
			);
			name = ImageFeed;
			packageProductDependencies = (
				4B01BECA2B0954D500A46A4C /* ProgressHUD */,
				4B01BEDD2B0AD12700A46A4C /* Kingfisher */,
				4B01BEE02B0ADD0D00A46A4C /* SwiftKeychainWrapper */,
			);
			productName = ImageFeed;
			productReference = 4B0A30932A29408A009693CA /* ImageFeed.app */;
			productType = "com.apple.product-type.application";
		};
		4B4CB9B22B0F9D5400548D03 /* ImageFeedTests */ = {
			isa = PBXNativeTarget;
			buildConfigurationList = 4B4CB9B92B0F9D5400548D03 /* Build configuration list for PBXNativeTarget "ImageFeedTests" */;
			buildPhases = (
				4B4CB9AF2B0F9D5400548D03 /* Sources */,
				4B4CB9B02B0F9D5400548D03 /* Frameworks */,
				4B4CB9B12B0F9D5400548D03 /* Resources */,
			);
			buildRules = (
			);
			dependencies = (
				4B4CB9B82B0F9D5400548D03 /* PBXTargetDependency */,
			);
			name = ImageFeedTests;
			productName = ImageFeedTests;
			productReference = 4B4CB9B32B0F9D5400548D03 /* ImageFeedTests.xctest */;
			productType = "com.apple.product-type.bundle.unit-test";
		};
/* End PBXNativeTarget section */

/* Begin PBXProject section */
		4B0A308B2A29408A009693CA /* Project object */ = {
			isa = PBXProject;
			attributes = {
				BuildIndependentTargetsInParallel = 1;
				LastSwiftUpdateCheck = 1430;
				LastUpgradeCheck = 1340;
				TargetAttributes = {
					4B0A30922A29408A009693CA = {
						CreatedOnToolsVersion = 13.4.1;
					};
					4B4CB9B22B0F9D5400548D03 = {
						CreatedOnToolsVersion = 14.3.1;
						TestTargetID = 4B0A30922A29408A009693CA;
					};
				};
			};
			buildConfigurationList = 4B0A308E2A29408A009693CA /* Build configuration list for PBXProject "ImageFeed" */;
			compatibilityVersion = "Xcode 13.0";
			developmentRegion = en;
			hasScannedForEncodings = 0;
			knownRegions = (
				en,
				Base,
			);
			mainGroup = 4B0A308A2A29408A009693CA;
			packageReferences = (
				4B01BEC92B0954D500A46A4C /* XCRemoteSwiftPackageReference "ProgressHUD" */,
				4B01BEDC2B0AD12700A46A4C /* XCRemoteSwiftPackageReference "Kingfisher" */,
				4B01BEDF2B0ADD0D00A46A4C /* XCRemoteSwiftPackageReference "SwiftKeychainWrapper" */,
			);
			productRefGroup = 4B0A30942A29408A009693CA /* Products */;
			projectDirPath = "";
			projectRoot = "";
			targets = (
				4B0A30922A29408A009693CA /* ImageFeed */,
				4B4CB9B22B0F9D5400548D03 /* ImageFeedTests */,
			);
		};
/* End PBXProject section */

/* Begin PBXResourcesBuildPhase section */
		4B0A30912A29408A009693CA /* Resources */ = {
			isa = PBXResourcesBuildPhase;
			buildActionMask = 2147483647;
			files = (
				4B0A30A62A29408B009693CA /* LaunchScreen.storyboard in Resources */,
				4B0A30A32A29408B009693CA /* Assets.xcassets in Resources */,
				4B0A309E2A29408A009693CA /* Main.storyboard in Resources */,
			);
			runOnlyForDeploymentPostprocessing = 0;
		};
		4B4CB9B12B0F9D5400548D03 /* Resources */ = {
			isa = PBXResourcesBuildPhase;
			buildActionMask = 2147483647;
			files = (
			);
			runOnlyForDeploymentPostprocessing = 0;
		};
/* End PBXResourcesBuildPhase section */

/* Begin PBXSourcesBuildPhase section */
		4B0A308F2A29408A009693CA /* Sources */ = {
			isa = PBXSourcesBuildPhase;
			buildActionMask = 2147483647;
			files = (
				4B7904622B043435008FE1CD /* WebViewViewController.swift in Sources */,
				4B01BED32B0A70D100A46A4C /* ProfileService.swift in Sources */,
				4B0A59952AFC617F0054C175 /* ImagesListViewController.swift in Sources */,
				4B9E180D2AFC06ED0023F657 /* ImagesListCell.swift in Sources */,
				4B4CB9AE2B0F908200548D03 /* ImagesListService.swift in Sources */,
				4B7904662B059D7B008FE1CD /* SplashViewController.swift in Sources */,
				4B01BED52B0A736D00A46A4C /* URLSession.swift in Sources */,
				4B0A30972A29408A009693CA /* AppDelegate.swift in Sources */,
				4B7904642B0571A5008FE1CD /* OAuth2Service.swift in Sources */,
				4B0A30992A29408A009693CA /* SceneDelegate.swift in Sources */,
				4BF93E8E2B02ECEC00EF3749 /* UIColor+Extensions.swift in Sources */,
				4B01BECF2B0959E800A46A4C /* UIBlockingProgressHUD.swift in Sources */,
				4B01BED92B0A78B500A46A4C /* ProfileImageService.swift in Sources */,
				4BF93E8B2AFEECE400EF3749 /* SingleImageViewController.swift in Sources */,
				4BF93E892AFE95BB00EF3749 /* ProfileViewController.swift in Sources */,
				4B01BED72B0A77A800A46A4C /* TabBarController.swift in Sources */,
				4B7904782B065311008FE1CD /* NetworkClient.swift in Sources */,
				4B79045F2B042DC8008FE1CD /* AuthViewController.swift in Sources */,
				4B7904692B059E18008FE1CD /* OAuth2TokenStorage.swift in Sources */,
				4B79045D2B03F554008FE1CD /* Constants.swift in Sources */,
			);
			runOnlyForDeploymentPostprocessing = 0;
		};
		4B4CB9AF2B0F9D5400548D03 /* Sources */ = {
			isa = PBXSourcesBuildPhase;
			buildActionMask = 2147483647;
			files = (
			);
			runOnlyForDeploymentPostprocessing = 0;
		};
/* End PBXSourcesBuildPhase section */

/* Begin PBXTargetDependency section */
		4B4CB9B82B0F9D5400548D03 /* PBXTargetDependency */ = {
			isa = PBXTargetDependency;
			target = 4B0A30922A29408A009693CA /* ImageFeed */;
			targetProxy = 4B4CB9B72B0F9D5400548D03 /* PBXContainerItemProxy */;
		};
/* End PBXTargetDependency section */

/* Begin PBXVariantGroup section */
		4B0A309C2A29408A009693CA /* Main.storyboard */ = {
			isa = PBXVariantGroup;
			children = (
				4B0A309D2A29408A009693CA /* Base */,
			);
			name = Main.storyboard;
			sourceTree = "<group>";
		};
		4B0A30A42A29408B009693CA /* LaunchScreen.storyboard */ = {
			isa = PBXVariantGroup;
			children = (
				4B0A30A52A29408B009693CA /* Base */,
			);
			name = LaunchScreen.storyboard;
			sourceTree = "<group>";
		};
/* End PBXVariantGroup section */

/* Begin XCBuildConfiguration section */
		4B0A30BE2A29408B009693CA /* Debug */ = {
			isa = XCBuildConfiguration;
			buildSettings = {
				ALWAYS_SEARCH_USER_PATHS = NO;
				CLANG_ANALYZER_NONNULL = YES;
				CLANG_ANALYZER_NUMBER_OBJECT_CONVERSION = YES_AGGRESSIVE;
				CLANG_CXX_LANGUAGE_STANDARD = "gnu++20";
				CLANG_ENABLE_MODULES = YES;
				CLANG_ENABLE_OBJC_ARC = YES;
				CLANG_ENABLE_OBJC_WEAK = YES;
				CLANG_WARN_BLOCK_CAPTURE_AUTORELEASING = YES;
				CLANG_WARN_BOOL_CONVERSION = YES;
				CLANG_WARN_COMMA = YES;
				CLANG_WARN_CONSTANT_CONVERSION = YES;
				CLANG_WARN_DEPRECATED_OBJC_IMPLEMENTATIONS = YES;
				CLANG_WARN_DIRECT_OBJC_ISA_USAGE = YES_ERROR;
				CLANG_WARN_DOCUMENTATION_COMMENTS = YES;
				CLANG_WARN_EMPTY_BODY = YES;
				CLANG_WARN_ENUM_CONVERSION = YES;
				CLANG_WARN_INFINITE_RECURSION = YES;
				CLANG_WARN_INT_CONVERSION = YES;
				CLANG_WARN_NON_LITERAL_NULL_CONVERSION = YES;
				CLANG_WARN_OBJC_IMPLICIT_RETAIN_SELF = YES;
				CLANG_WARN_OBJC_LITERAL_CONVERSION = YES;
				CLANG_WARN_OBJC_ROOT_CLASS = YES_ERROR;
				CLANG_WARN_QUOTED_INCLUDE_IN_FRAMEWORK_HEADER = YES;
				CLANG_WARN_RANGE_LOOP_ANALYSIS = YES;
				CLANG_WARN_STRICT_PROTOTYPES = YES;
				CLANG_WARN_SUSPICIOUS_MOVE = YES;
				CLANG_WARN_UNGUARDED_AVAILABILITY = YES_AGGRESSIVE;
				CLANG_WARN_UNREACHABLE_CODE = YES;
				CLANG_WARN__DUPLICATE_METHOD_MATCH = YES;
				COPY_PHASE_STRIP = NO;
				DEBUG_INFORMATION_FORMAT = dwarf;
				ENABLE_STRICT_OBJC_MSGSEND = YES;
				ENABLE_TESTABILITY = YES;
				GCC_C_LANGUAGE_STANDARD = gnu11;
				GCC_DYNAMIC_NO_PIC = NO;
				GCC_NO_COMMON_BLOCKS = YES;
				GCC_OPTIMIZATION_LEVEL = 0;
				GCC_PREPROCESSOR_DEFINITIONS = (
					"DEBUG=1",
					"$(inherited)",
				);
				GCC_WARN_64_TO_32_BIT_CONVERSION = YES;
				GCC_WARN_ABOUT_RETURN_TYPE = YES_ERROR;
				GCC_WARN_UNDECLARED_SELECTOR = YES;
				GCC_WARN_UNINITIALIZED_AUTOS = YES_AGGRESSIVE;
				GCC_WARN_UNUSED_FUNCTION = YES;
				GCC_WARN_UNUSED_VARIABLE = YES;
				IPHONEOS_DEPLOYMENT_TARGET = 13.0;
				MTL_ENABLE_DEBUG_INFO = INCLUDE_SOURCE;
				MTL_FAST_MATH = YES;
				ONLY_ACTIVE_ARCH = YES;
				SDKROOT = iphoneos;
				SWIFT_ACTIVE_COMPILATION_CONDITIONS = DEBUG;
				SWIFT_OPTIMIZATION_LEVEL = "-Onone";
			};
			name = Debug;
		};
		4B0A30BF2A29408B009693CA /* Release */ = {
			isa = XCBuildConfiguration;
			buildSettings = {
				ALWAYS_SEARCH_USER_PATHS = NO;
				CLANG_ANALYZER_NONNULL = YES;
				CLANG_ANALYZER_NUMBER_OBJECT_CONVERSION = YES_AGGRESSIVE;
				CLANG_CXX_LANGUAGE_STANDARD = "gnu++20";
				CLANG_ENABLE_MODULES = YES;
				CLANG_ENABLE_OBJC_ARC = YES;
				CLANG_ENABLE_OBJC_WEAK = YES;
				CLANG_WARN_BLOCK_CAPTURE_AUTORELEASING = YES;
				CLANG_WARN_BOOL_CONVERSION = YES;
				CLANG_WARN_COMMA = YES;
				CLANG_WARN_CONSTANT_CONVERSION = YES;
				CLANG_WARN_DEPRECATED_OBJC_IMPLEMENTATIONS = YES;
				CLANG_WARN_DIRECT_OBJC_ISA_USAGE = YES_ERROR;
				CLANG_WARN_DOCUMENTATION_COMMENTS = YES;
				CLANG_WARN_EMPTY_BODY = YES;
				CLANG_WARN_ENUM_CONVERSION = YES;
				CLANG_WARN_INFINITE_RECURSION = YES;
				CLANG_WARN_INT_CONVERSION = YES;
				CLANG_WARN_NON_LITERAL_NULL_CONVERSION = YES;
				CLANG_WARN_OBJC_IMPLICIT_RETAIN_SELF = YES;
				CLANG_WARN_OBJC_LITERAL_CONVERSION = YES;
				CLANG_WARN_OBJC_ROOT_CLASS = YES_ERROR;
				CLANG_WARN_QUOTED_INCLUDE_IN_FRAMEWORK_HEADER = YES;
				CLANG_WARN_RANGE_LOOP_ANALYSIS = YES;
				CLANG_WARN_STRICT_PROTOTYPES = YES;
				CLANG_WARN_SUSPICIOUS_MOVE = YES;
				CLANG_WARN_UNGUARDED_AVAILABILITY = YES_AGGRESSIVE;
				CLANG_WARN_UNREACHABLE_CODE = YES;
				CLANG_WARN__DUPLICATE_METHOD_MATCH = YES;
				COPY_PHASE_STRIP = NO;
				DEBUG_INFORMATION_FORMAT = "dwarf-with-dsym";
				ENABLE_NS_ASSERTIONS = NO;
				ENABLE_STRICT_OBJC_MSGSEND = YES;
				GCC_C_LANGUAGE_STANDARD = gnu11;
				GCC_NO_COMMON_BLOCKS = YES;
				GCC_WARN_64_TO_32_BIT_CONVERSION = YES;
				GCC_WARN_ABOUT_RETURN_TYPE = YES_ERROR;
				GCC_WARN_UNDECLARED_SELECTOR = YES;
				GCC_WARN_UNINITIALIZED_AUTOS = YES_AGGRESSIVE;
				GCC_WARN_UNUSED_FUNCTION = YES;
				GCC_WARN_UNUSED_VARIABLE = YES;
				IPHONEOS_DEPLOYMENT_TARGET = 13.0;
				MTL_ENABLE_DEBUG_INFO = NO;
				MTL_FAST_MATH = YES;
				SDKROOT = iphoneos;
				SWIFT_COMPILATION_MODE = wholemodule;
				SWIFT_OPTIMIZATION_LEVEL = "-O";
				VALIDATE_PRODUCT = YES;
			};
			name = Release;
		};
		4B0A30C12A29408B009693CA /* Debug */ = {
			isa = XCBuildConfiguration;
			buildSettings = {
				ASSETCATALOG_COMPILER_APPICON_NAME = AppIcon;
				ASSETCATALOG_COMPILER_GLOBAL_ACCENT_COLOR_NAME = AccentColor;
				CODE_SIGN_IDENTITY = "Apple Development";
				CODE_SIGN_STYLE = Automatic;
				CURRENT_PROJECT_VERSION = 1;
				DEVELOPMENT_TEAM = S49KFNZSXQ;
				GENERATE_INFOPLIST_FILE = YES;
				INFOPLIST_FILE = ImageFeed/Info.plist;
				INFOPLIST_KEY_UIApplicationSupportsIndirectInputEvents = YES;
				INFOPLIST_KEY_UILaunchStoryboardName = LaunchScreen;
				INFOPLIST_KEY_UIMainStoryboardFile = Main;
				INFOPLIST_KEY_UIStatusBarStyle = UIStatusBarStyleLightContent;
				INFOPLIST_KEY_UISupportedInterfaceOrientations = UIInterfaceOrientationPortrait;
				INFOPLIST_KEY_UISupportedInterfaceOrientations_iPad = "UIInterfaceOrientationLandscapeLeft UIInterfaceOrientationLandscapeRight UIInterfaceOrientationPortrait UIInterfaceOrientationPortraitUpsideDown";
				IPHONEOS_DEPLOYMENT_TARGET = 13.0;
				LD_RUNPATH_SEARCH_PATHS = (
					"$(inherited)",
					"@executable_path/Frameworks",
				);
				MARKETING_VERSION = 1.0;
				PRODUCT_BUNDLE_IDENTIFIER = "ru.yandex.practicum.ImageFeed-GNG";
				PRODUCT_NAME = "$(TARGET_NAME)";
				PROVISIONING_PROFILE_SPECIFIER = "";
				SUPPORTED_PLATFORMS = "iphoneos iphonesimulator";
				SUPPORTS_MACCATALYST = NO;
				SUPPORTS_MAC_DESIGNED_FOR_IPHONE_IPAD = YES;
				SWIFT_EMIT_LOC_STRINGS = YES;
				SWIFT_VERSION = 5.0;
				TARGETED_DEVICE_FAMILY = 1;
			};
			name = Debug;
		};
		4B0A30C22A29408B009693CA /* Release */ = {
			isa = XCBuildConfiguration;
			buildSettings = {
				ASSETCATALOG_COMPILER_APPICON_NAME = AppIcon;
				ASSETCATALOG_COMPILER_GLOBAL_ACCENT_COLOR_NAME = AccentColor;
				CODE_SIGN_IDENTITY = "Apple Development";
				CODE_SIGN_STYLE = Automatic;
				CURRENT_PROJECT_VERSION = 1;
				DEVELOPMENT_TEAM = S49KFNZSXQ;
				GENERATE_INFOPLIST_FILE = YES;
				INFOPLIST_FILE = ImageFeed/Info.plist;
				INFOPLIST_KEY_UIApplicationSupportsIndirectInputEvents = YES;
				INFOPLIST_KEY_UILaunchStoryboardName = LaunchScreen;
				INFOPLIST_KEY_UIMainStoryboardFile = Main;
				INFOPLIST_KEY_UIStatusBarStyle = UIStatusBarStyleLightContent;
				INFOPLIST_KEY_UISupportedInterfaceOrientations = UIInterfaceOrientationPortrait;
				INFOPLIST_KEY_UISupportedInterfaceOrientations_iPad = "UIInterfaceOrientationLandscapeLeft UIInterfaceOrientationLandscapeRight UIInterfaceOrientationPortrait UIInterfaceOrientationPortraitUpsideDown";
				IPHONEOS_DEPLOYMENT_TARGET = 13.0;
				LD_RUNPATH_SEARCH_PATHS = (
					"$(inherited)",
					"@executable_path/Frameworks",
				);
				MARKETING_VERSION = 1.0;
				PRODUCT_BUNDLE_IDENTIFIER = "ru.yandex.practicum.ImageFeed-GNG";
				PRODUCT_NAME = "$(TARGET_NAME)";
				PROVISIONING_PROFILE_SPECIFIER = "";
				SUPPORTED_PLATFORMS = "iphoneos iphonesimulator";
				SUPPORTS_MACCATALYST = NO;
				SUPPORTS_MAC_DESIGNED_FOR_IPHONE_IPAD = YES;
				SWIFT_EMIT_LOC_STRINGS = YES;
				SWIFT_VERSION = 5.0;
				TARGETED_DEVICE_FAMILY = 1;
			};
			name = Release;
		};
		4B4CB9BA2B0F9D5400548D03 /* Debug */ = {
			isa = XCBuildConfiguration;
			buildSettings = {
				BUNDLE_LOADER = "$(TEST_HOST)";
				CODE_SIGN_STYLE = Automatic;
				CURRENT_PROJECT_VERSION = 1;
				DEVELOPMENT_TEAM = S49KFNZSXQ;
				GENERATE_INFOPLIST_FILE = YES;
				IPHONEOS_DEPLOYMENT_TARGET = 16.4;
				MARKETING_VERSION = 1.0;
				PRODUCT_BUNDLE_IDENTIFIER = ru.yandex.practicum.ImageFeedTests;
				PRODUCT_NAME = "$(TARGET_NAME)";
				SWIFT_EMIT_LOC_STRINGS = NO;
				SWIFT_VERSION = 5.0;
				TARGETED_DEVICE_FAMILY = "1,2";
				TEST_HOST = "$(BUILT_PRODUCTS_DIR)/ImageFeed.app/$(BUNDLE_EXECUTABLE_FOLDER_PATH)/ImageFeed";
			};
			name = Debug;
		};
		4B4CB9BB2B0F9D5400548D03 /* Release */ = {
			isa = XCBuildConfiguration;
			buildSettings = {
				BUNDLE_LOADER = "$(TEST_HOST)";
				CODE_SIGN_STYLE = Automatic;
				CURRENT_PROJECT_VERSION = 1;
				DEVELOPMENT_TEAM = S49KFNZSXQ;
				GENERATE_INFOPLIST_FILE = YES;
				IPHONEOS_DEPLOYMENT_TARGET = 16.4;
				MARKETING_VERSION = 1.0;
				PRODUCT_BUNDLE_IDENTIFIER = ru.yandex.practicum.ImageFeedTests;
				PRODUCT_NAME = "$(TARGET_NAME)";
				SWIFT_EMIT_LOC_STRINGS = NO;
				SWIFT_VERSION = 5.0;
				TARGETED_DEVICE_FAMILY = "1,2";
				TEST_HOST = "$(BUILT_PRODUCTS_DIR)/ImageFeed.app/$(BUNDLE_EXECUTABLE_FOLDER_PATH)/ImageFeed";
			};
			name = Release;
		};
/* End XCBuildConfiguration section */

/* Begin XCConfigurationList section */
		4B0A308E2A29408A009693CA /* Build configuration list for PBXProject "ImageFeed" */ = {
			isa = XCConfigurationList;
			buildConfigurations = (
				4B0A30BE2A29408B009693CA /* Debug */,
				4B0A30BF2A29408B009693CA /* Release */,
			);
			defaultConfigurationIsVisible = 0;
			defaultConfigurationName = Release;
		};
		4B0A30C02A29408B009693CA /* Build configuration list for PBXNativeTarget "ImageFeed" */ = {
			isa = XCConfigurationList;
			buildConfigurations = (
				4B0A30C12A29408B009693CA /* Debug */,
				4B0A30C22A29408B009693CA /* Release */,
			);
			defaultConfigurationIsVisible = 0;
			defaultConfigurationName = Release;
		};
		4B4CB9B92B0F9D5400548D03 /* Build configuration list for PBXNativeTarget "ImageFeedTests" */ = {
			isa = XCConfigurationList;
			buildConfigurations = (
				4B4CB9BA2B0F9D5400548D03 /* Debug */,
				4B4CB9BB2B0F9D5400548D03 /* Release */,
			);
			defaultConfigurationIsVisible = 0;
			defaultConfigurationName = Release;
		};
/* End XCConfigurationList section */

/* Begin XCRemoteSwiftPackageReference section */
		4B01BEC92B0954D500A46A4C /* XCRemoteSwiftPackageReference "ProgressHUD" */ = {
			isa = XCRemoteSwiftPackageReference;
			repositoryURL = "https://github.com/relatedcode/ProgressHUD";
			requirement = {
				kind = exactVersion;
				version = 13.6.2;
			};
		};
		4B01BEDC2B0AD12700A46A4C /* XCRemoteSwiftPackageReference "Kingfisher" */ = {
			isa = XCRemoteSwiftPackageReference;
			repositoryURL = "https://github.com/onevcat/Kingfisher";
			requirement = {
				kind = upToNextMajorVersion;
				minimumVersion = 7.7.0;
			};
		};
		4B01BEDF2B0ADD0D00A46A4C /* XCRemoteSwiftPackageReference "SwiftKeychainWrapper" */ = {
			isa = XCRemoteSwiftPackageReference;
			repositoryURL = "https://github.com/jrendel/SwiftKeychainWrapper";
			requirement = {
				kind = upToNextMajorVersion;
				minimumVersion = 4.0.0;
			};
		};
/* End XCRemoteSwiftPackageReference section */

/* Begin XCSwiftPackageProductDependency section */
		4B01BECA2B0954D500A46A4C /* ProgressHUD */ = {
			isa = XCSwiftPackageProductDependency;
			package = 4B01BEC92B0954D500A46A4C /* XCRemoteSwiftPackageReference "ProgressHUD" */;
			productName = ProgressHUD;
		};
		4B01BEDD2B0AD12700A46A4C /* Kingfisher */ = {
			isa = XCSwiftPackageProductDependency;
			package = 4B01BEDC2B0AD12700A46A4C /* XCRemoteSwiftPackageReference "Kingfisher" */;
			productName = Kingfisher;
		};
		4B01BEE02B0ADD0D00A46A4C /* SwiftKeychainWrapper */ = {
			isa = XCSwiftPackageProductDependency;
			package = 4B01BEDF2B0ADD0D00A46A4C /* XCRemoteSwiftPackageReference "SwiftKeychainWrapper" */;
			productName = SwiftKeychainWrapper;
		};
/* End XCSwiftPackageProductDependency section */
	};
	rootObject = 4B0A308B2A29408A009693CA /* Project object */;
}
